// !$*UTF8*$!
{
	archiveVersion = 1;
	classes = {
	};
	objectVersion = 56;
	objects = {

/* Begin PBXBuildFile section */
		CA5663F429919DAE005470D7 /* SimpleShopLoginApp.swift in Sources */ = {isa = PBXBuildFile; fileRef = CA5663F329919DAE005470D7 /* SimpleShopLoginApp.swift */; };
		CA5663F629919DAE005470D7 /* ContentView.swift in Sources */ = {isa = PBXBuildFile; fileRef = CA5663F529919DAE005470D7 /* ContentView.swift */; };
		CA5663F829919DAF005470D7 /* Assets.xcassets in Resources */ = {isa = PBXBuildFile; fileRef = CA5663F729919DAF005470D7 /* Assets.xcassets */; };
		CA5663FB29919DAF005470D7 /* Preview Assets.xcassets in Resources */ = {isa = PBXBuildFile; fileRef = CA5663FA29919DAF005470D7 /* Preview Assets.xcassets */; };
		CA56640529919DB0005470D7 /* SimpleShopLoginTests.swift in Sources */ = {isa = PBXBuildFile; fileRef = CA56640429919DB0005470D7 /* SimpleShopLoginTests.swift */; };
		CA56640F29919DB0005470D7 /* SimpleShopLoginUITests.swift in Sources */ = {isa = PBXBuildFile; fileRef = CA56640E29919DB0005470D7 /* SimpleShopLoginUITests.swift */; };
		CA56641129919DB0005470D7 /* SimpleShopLoginUITestsLaunchTests.swift in Sources */ = {isa = PBXBuildFile; fileRef = CA56641029919DB0005470D7 /* SimpleShopLoginUITestsLaunchTests.swift */; };
/* End PBXBuildFile section */

/* Begin PBXContainerItemProxy section */
		CA56640129919DB0005470D7 /* PBXContainerItemProxy */ = {
			isa = PBXContainerItemProxy;
			containerPortal = CA5663E829919DAE005470D7 /* Project object */;
			proxyType = 1;
			remoteGlobalIDString = CA5663EF29919DAE005470D7;
			remoteInfo = SimpleShopLogin;
		};
		CA56640B29919DB0005470D7 /* PBXContainerItemProxy */ = {
			isa = PBXContainerItemProxy;
			containerPortal = CA5663E829919DAE005470D7 /* Project object */;
			proxyType = 1;
			remoteGlobalIDString = CA5663EF29919DAE005470D7;
			remoteInfo = SimpleShopLogin;
		};
/* End PBXContainerItemProxy section */

/* Begin PBXFileReference section */
		CA5663F029919DAE005470D7 /* SimpleShopLogin.app */ = {isa = PBXFileReference; explicitFileType = wrapper.application; includeInIndex = 0; path = SimpleShopLogin.app; sourceTree = BUILT_PRODUCTS_DIR; };
		CA5663F329919DAE005470D7 /* SimpleShopLoginApp.swift */ = {isa = PBXFileReference; lastKnownFileType = sourcecode.swift; path = SimpleShopLoginApp.swift; sourceTree = "<group>"; };
		CA5663F529919DAE005470D7 /* ContentView.swift */ = {isa = PBXFileReference; lastKnownFileType = sourcecode.swift; path = ContentView.swift; sourceTree = "<group>"; };
		CA5663F729919DAF005470D7 /* Assets.xcassets */ = {isa = PBXFileReference; lastKnownFileType = folder.assetcatalog; path = Assets.xcassets; sourceTree = "<group>"; };
		CA5663FA29919DAF005470D7 /* Preview Assets.xcassets */ = {isa = PBXFileReference; lastKnownFileType = folder.assetcatalog; path = "Preview Assets.xcassets"; sourceTree = "<group>"; };
		CA56640029919DB0005470D7 /* SimpleShopLoginTests.xctest */ = {isa = PBXFileReference; explicitFileType = wrapper.cfbundle; includeInIndex = 0; path = SimpleShopLoginTests.xctest; sourceTree = BUILT_PRODUCTS_DIR; };
		CA56640429919DB0005470D7 /* SimpleShopLoginTests.swift */ = {isa = PBXFileReference; lastKnownFileType = sourcecode.swift; path = SimpleShopLoginTests.swift; sourceTree = "<group>"; };
		CA56640A29919DB0005470D7 /* SimpleShopLoginUITests.xctest */ = {isa = PBXFileReference; explicitFileType = wrapper.cfbundle; includeInIndex = 0; path = SimpleShopLoginUITests.xctest; sourceTree = BUILT_PRODUCTS_DIR; };
		CA56640E29919DB0005470D7 /* SimpleShopLoginUITests.swift */ = {isa = PBXFileReference; lastKnownFileType = sourcecode.swift; path = SimpleShopLoginUITests.swift; sourceTree = "<group>"; };
		CA56641029919DB0005470D7 /* SimpleShopLoginUITestsLaunchTests.swift */ = {isa = PBXFileReference; lastKnownFileType = sourcecode.swift; path = SimpleShopLoginUITestsLaunchTests.swift; sourceTree = "<group>"; };
/* End PBXFileReference section */

/* Begin PBXFrameworksBuildPhase section */
		CA5663ED29919DAE005470D7 /* Frameworks */ = {
			isa = PBXFrameworksBuildPhase;
			buildActionMask = 2147483647;
			files = (
			);
			runOnlyForDeploymentPostprocessing = 0;
		};
		CA5663FD29919DB0005470D7 /* Frameworks */ = {
			isa = PBXFrameworksBuildPhase;
			buildActionMask = 2147483647;
			files = (
			);
			runOnlyForDeploymentPostprocessing = 0;
		};
		CA56640729919DB0005470D7 /* Frameworks */ = {
			isa = PBXFrameworksBuildPhase;
			buildActionMask = 2147483647;
			files = (
			);
			runOnlyForDeploymentPostprocessing = 0;
		};
/* End PBXFrameworksBuildPhase section */

/* Begin PBXGroup section */
		CA5663E729919DAE005470D7 = {
			isa = PBXGroup;
			children = (
				CA5663F229919DAE005470D7 /* SimpleShopLogin */,
				CA56640329919DB0005470D7 /* SimpleShopLoginTests */,
				CA56640D29919DB0005470D7 /* SimpleShopLoginUITests */,
				CA5663F129919DAE005470D7 /* Products */,
			);
			sourceTree = "<group>";
		};
		CA5663F129919DAE005470D7 /* Products */ = {
			isa = PBXGroup;
			children = (
				CA5663F029919DAE005470D7 /* SimpleShopLogin.app */,
				CA56640029919DB0005470D7 /* SimpleShopLoginTests.xctest */,
				CA56640A29919DB0005470D7 /* SimpleShopLoginUITests.xctest */,
			);
			name = Products;
			sourceTree = "<group>";
		};
		CA5663F229919DAE005470D7 /* SimpleShopLogin */ = {
			isa = PBXGroup;
			children = (
				CA5663F329919DAE005470D7 /* SimpleShopLoginApp.swift */,
				CA5663F529919DAE005470D7 /* ContentView.swift */,
				CA5663F729919DAF005470D7 /* Assets.xcassets */,
				CA5663F929919DAF005470D7 /* Preview Content */,
			);
			path = SimpleShopLogin;
			sourceTree = "<group>";
		};
		CA5663F929919DAF005470D7 /* Preview Content */ = {
			isa = PBXGroup;
			children = (
				CA5663FA29919DAF005470D7 /* Preview Assets.xcassets */,
			);
			path = "Preview Content";
			sourceTree = "<group>";
		};
		CA56640329919DB0005470D7 /* SimpleShopLoginTests */ = {
			isa = PBXGroup;
			children = (
				CA56640429919DB0005470D7 /* SimpleShopLoginTests.swift */,
			);
			path = SimpleShopLoginTests;
			sourceTree = "<group>";
		};
		CA56640D29919DB0005470D7 /* SimpleShopLoginUITests */ = {
			isa = PBXGroup;
			children = (
				CA56640E29919DB0005470D7 /* SimpleShopLoginUITests.swift */,
				CA56641029919DB0005470D7 /* SimpleShopLoginUITestsLaunchTests.swift */,
			);
			path = SimpleShopLoginUITests;
			sourceTree = "<group>";
		};
/* End PBXGroup section */

/* Begin PBXNativeTarget section */
		CA5663EF29919DAE005470D7 /* SimpleShopLogin */ = {
			isa = PBXNativeTarget;
			buildConfigurationList = CA56641429919DB0005470D7 /* Build configuration list for PBXNativeTarget "SimpleShopLogin" */;
			buildPhases = (
				CA5663EC29919DAE005470D7 /* Sources */,
				CA5663ED29919DAE005470D7 /* Frameworks */,
				CA5663EE29919DAE005470D7 /* Resources */,
			);
			buildRules = (
			);
			dependencies = (
			);
			name = SimpleShopLogin;
			productName = SimpleShopLogin;
			productReference = CA5663F029919DAE005470D7 /* SimpleShopLogin.app */;
			productType = "com.apple.product-type.application";
		};
		CA5663FF29919DB0005470D7 /* SimpleShopLoginTests */ = {
			isa = PBXNativeTarget;
			buildConfigurationList = CA56641729919DB0005470D7 /* Build configuration list for PBXNativeTarget "SimpleShopLoginTests" */;
			buildPhases = (
				CA5663FC29919DB0005470D7 /* Sources */,
				CA5663FD29919DB0005470D7 /* Frameworks */,
				CA5663FE29919DB0005470D7 /* Resources */,
			);
			buildRules = (
			);
			dependencies = (
				CA56640229919DB0005470D7 /* PBXTargetDependency */,
			);
			name = SimpleShopLoginTests;
			productName = SimpleShopLoginTests;
			productReference = CA56640029919DB0005470D7 /* SimpleShopLoginTests.xctest */;
			productType = "com.apple.product-type.bundle.unit-test";
		};
		CA56640929919DB0005470D7 /* SimpleShopLoginUITests */ = {
			isa = PBXNativeTarget;
			buildConfigurationList = CA56641A29919DB0005470D7 /* Build configuration list for PBXNativeTarget "SimpleShopLoginUITests" */;
			buildPhases = (
				CA56640629919DB0005470D7 /* Sources */,
				CA56640729919DB0005470D7 /* Frameworks */,
				CA56640829919DB0005470D7 /* Resources */,
			);
			buildRules = (
			);
			dependencies = (
				CA56640C29919DB0005470D7 /* PBXTargetDependency */,
			);
			name = SimpleShopLoginUITests;
			productName = SimpleShopLoginUITests;
			productReference = CA56640A29919DB0005470D7 /* SimpleShopLoginUITests.xctest */;
			productType = "com.apple.product-type.bundle.ui-testing";
		};
/* End PBXNativeTarget section */

/* Begin PBXProject section */
		CA5663E829919DAE005470D7 /* Project object */ = {
			isa = PBXProject;
			attributes = {
				BuildIndependentTargetsInParallel = 1;
				LastSwiftUpdateCheck = 1420;
				LastUpgradeCheck = 1420;
				TargetAttributes = {
					CA5663EF29919DAE005470D7 = {
						CreatedOnToolsVersion = 14.2;
					};
					CA5663FF29919DB0005470D7 = {
						CreatedOnToolsVersion = 14.2;
						TestTargetID = CA5663EF29919DAE005470D7;
					};
					CA56640929919DB0005470D7 = {
						CreatedOnToolsVersion = 14.2;
						TestTargetID = CA5663EF29919DAE005470D7;
					};
				};
			};
			buildConfigurationList = CA5663EB29919DAE005470D7 /* Build configuration list for PBXProject "SimpleShopLogin" */;
			compatibilityVersion = "Xcode 14.0";
			developmentRegion = en;
			hasScannedForEncodings = 0;
			knownRegions = (
				en,
				Base,
			);
			mainGroup = CA5663E729919DAE005470D7;
			productRefGroup = CA5663F129919DAE005470D7 /* Products */;
			projectDirPath = "";
			projectRoot = "";
			targets = (
				CA5663EF29919DAE005470D7 /* SimpleShopLogin */,
				CA5663FF29919DB0005470D7 /* SimpleShopLoginTests */,
				CA56640929919DB0005470D7 /* SimpleShopLoginUITests */,
			);
		};
/* End PBXProject section */

/* Begin PBXResourcesBuildPhase section */
		CA5663EE29919DAE005470D7 /* Resources */ = {
			isa = PBXResourcesBuildPhase;
			buildActionMask = 2147483647;
			files = (
				CA5663FB29919DAF005470D7 /* Preview Assets.xcassets in Resources */,
				CA5663F829919DAF005470D7 /* Assets.xcassets in Resources */,
			);
			runOnlyForDeploymentPostprocessing = 0;
		};
		CA5663FE29919DB0005470D7 /* Resources */ = {
			isa = PBXResourcesBuildPhase;
			buildActionMask = 2147483647;
			files = (
			);
			runOnlyForDeploymentPostprocessing = 0;
		};
		CA56640829919DB0005470D7 /* Resources */ = {
			isa = PBXResourcesBuildPhase;
			buildActionMask = 2147483647;
			files = (
			);
			runOnlyForDeploymentPostprocessing = 0;
		};
/* End PBXResourcesBuildPhase section */

/* Begin PBXSourcesBuildPhase section */
		CA5663EC29919DAE005470D7 /* Sources */ = {
			isa = PBXSourcesBuildPhase;
			buildActionMask = 2147483647;
			files = (
				CA5663F629919DAE005470D7 /* ContentView.swift in Sources */,
				CA5663F429919DAE005470D7 /* SimpleShopLoginApp.swift in Sources */,
			);
			runOnlyForDeploymentPostprocessing = 0;
		};
		CA5663FC29919DB0005470D7 /* Sources */ = {
			isa = PBXSourcesBuildPhase;
			buildActionMask = 2147483647;
			files = (
				CA56640529919DB0005470D7 /* SimpleShopLoginTests.swift in Sources */,
			);
			runOnlyForDeploymentPostprocessing = 0;
		};
		CA56640629919DB0005470D7 /* Sources */ = {
			isa = PBXSourcesBuildPhase;
			buildActionMask = 2147483647;
			files = (
				CA56641129919DB0005470D7 /* SimpleShopLoginUITestsLaunchTests.swift in Sources */,
				CA56640F29919DB0005470D7 /* SimpleShopLoginUITests.swift in Sources */,
			);
			runOnlyForDeploymentPostprocessing = 0;
		};
/* End PBXSourcesBuildPhase section */

/* Begin PBXTargetDependency section */
		CA56640229919DB0005470D7 /* PBXTargetDependency */ = {
			isa = PBXTargetDependency;
			target = CA5663EF29919DAE005470D7 /* SimpleShopLogin */;
			targetProxy = CA56640129919DB0005470D7 /* PBXContainerItemProxy */;
		};
		CA56640C29919DB0005470D7 /* PBXTargetDependency */ = {
			isa = PBXTargetDependency;
			target = CA5663EF29919DAE005470D7 /* SimpleShopLogin */;
			targetProxy = CA56640B29919DB0005470D7 /* PBXContainerItemProxy */;
		};
/* End PBXTargetDependency section */

/* Begin XCBuildConfiguration section */
		CA56641229919DB0005470D7 /* Debug */ = {
			isa = XCBuildConfiguration;
			buildSettings = {
				ALWAYS_SEARCH_USER_PATHS = NO;
				CLANG_ANALYZER_NONNULL = YES;
				CLANG_ANALYZER_NUMBER_OBJECT_CONVERSION = YES_AGGRESSIVE;
				CLANG_CXX_LANGUAGE_STANDARD = "gnu++20";
				CLANG_ENABLE_MODULES = YES;
				CLANG_ENABLE_OBJC_ARC = YES;
				CLANG_ENABLE_OBJC_WEAK = YES;
				CLANG_WARN_BLOCK_CAPTURE_AUTORELEASING = YES;
				CLANG_WARN_BOOL_CONVERSION = YES;
				CLANG_WARN_COMMA = YES;
				CLANG_WARN_CONSTANT_CONVERSION = YES;
				CLANG_WARN_DEPRECATED_OBJC_IMPLEMENTATIONS = YES;
				CLANG_WARN_DIRECT_OBJC_ISA_USAGE = YES_ERROR;
				CLANG_WARN_DOCUMENTATION_COMMENTS = YES;
				CLANG_WARN_EMPTY_BODY = YES;
				CLANG_WARN_ENUM_CONVERSION = YES;
				CLANG_WARN_INFINITE_RECURSION = YES;
				CLANG_WARN_INT_CONVERSION = YES;
				CLANG_WARN_NON_LITERAL_NULL_CONVERSION = YES;
				CLANG_WARN_OBJC_IMPLICIT_RETAIN_SELF = YES;
				CLANG_WARN_OBJC_LITERAL_CONVERSION = YES;
				CLANG_WARN_OBJC_ROOT_CLASS = YES_ERROR;
				CLANG_WARN_QUOTED_INCLUDE_IN_FRAMEWORK_HEADER = YES;
				CLANG_WARN_RANGE_LOOP_ANALYSIS = YES;
				CLANG_WARN_STRICT_PROTOTYPES = YES;
				CLANG_WARN_SUSPICIOUS_MOVE = YES;
				CLANG_WARN_UNGUARDED_AVAILABILITY = YES_AGGRESSIVE;
				CLANG_WARN_UNREACHABLE_CODE = YES;
				CLANG_WARN__DUPLICATE_METHOD_MATCH = YES;
				COPY_PHASE_STRIP = NO;
				DEBUG_INFORMATION_FORMAT = dwarf;
				ENABLE_STRICT_OBJC_MSGSEND = YES;
				ENABLE_TESTABILITY = YES;
				GCC_C_LANGUAGE_STANDARD = gnu11;
				GCC_DYNAMIC_NO_PIC = NO;
				GCC_NO_COMMON_BLOCKS = YES;
				GCC_OPTIMIZATION_LEVEL = 0;
				GCC_PREPROCESSOR_DEFINITIONS = (
					"DEBUG=1",
					"$(inherited)",
				);
				GCC_WARN_64_TO_32_BIT_CONVERSION = YES;
				GCC_WARN_ABOUT_RETURN_TYPE = YES_ERROR;
				GCC_WARN_UNDECLARED_SELECTOR = YES;
				GCC_WARN_UNINITIALIZED_AUTOS = YES_AGGRESSIVE;
				GCC_WARN_UNUSED_FUNCTION = YES;
				GCC_WARN_UNUSED_VARIABLE = YES;
				IPHONEOS_DEPLOYMENT_TARGET = 16.2;
				MTL_ENABLE_DEBUG_INFO = INCLUDE_SOURCE;
				MTL_FAST_MATH = YES;
				ONLY_ACTIVE_ARCH = YES;
				SDKROOT = iphoneos;
				SWIFT_ACTIVE_COMPILATION_CONDITIONS = DEBUG;
				SWIFT_OPTIMIZATION_LEVEL = "-Onone";
			};
			name = Debug;
		};
		CA56641329919DB0005470D7 /* Release */ = {
			isa = XCBuildConfiguration;
			buildSettings = {
				ALWAYS_SEARCH_USER_PATHS = NO;
				CLANG_ANALYZER_NONNULL = YES;
				CLANG_ANALYZER_NUMBER_OBJECT_CONVERSION = YES_AGGRESSIVE;
				CLANG_CXX_LANGUAGE_STANDARD = "gnu++20";
				CLANG_ENABLE_MODULES = YES;
				CLANG_ENABLE_OBJC_ARC = YES;
				CLANG_ENABLE_OBJC_WEAK = YES;
				CLANG_WARN_BLOCK_CAPTURE_AUTORELEASING = YES;
				CLANG_WARN_BOOL_CONVERSION = YES;
				CLANG_WARN_COMMA = YES;
				CLANG_WARN_CONSTANT_CONVERSION = YES;
				CLANG_WARN_DEPRECATED_OBJC_IMPLEMENTATIONS = YES;
				CLANG_WARN_DIRECT_OBJC_ISA_USAGE = YES_ERROR;
				CLANG_WARN_DOCUMENTATION_COMMENTS = YES;
				CLANG_WARN_EMPTY_BODY = YES;
				CLANG_WARN_ENUM_CONVERSION = YES;
				CLANG_WARN_INFINITE_RECURSION = YES;
				CLANG_WARN_INT_CONVERSION = YES;
				CLANG_WARN_NON_LITERAL_NULL_CONVERSION = YES;
				CLANG_WARN_OBJC_IMPLICIT_RETAIN_SELF = YES;
				CLANG_WARN_OBJC_LITERAL_CONVERSION = YES;
				CLANG_WARN_OBJC_ROOT_CLASS = YES_ERROR;
				CLANG_WARN_QUOTED_INCLUDE_IN_FRAMEWORK_HEADER = YES;
				CLANG_WARN_RANGE_LOOP_ANALYSIS = YES;
				CLANG_WARN_STRICT_PROTOTYPES = YES;
				CLANG_WARN_SUSPICIOUS_MOVE = YES;
				CLANG_WARN_UNGUARDED_AVAILABILITY = YES_AGGRESSIVE;
				CLANG_WARN_UNREACHABLE_CODE = YES;
				CLANG_WARN__DUPLICATE_METHOD_MATCH = YES;
				COPY_PHASE_STRIP = NO;
				DEBUG_INFORMATION_FORMAT = "dwarf-with-dsym";
				ENABLE_NS_ASSERTIONS = NO;
				ENABLE_STRICT_OBJC_MSGSEND = YES;
				GCC_C_LANGUAGE_STANDARD = gnu11;
				GCC_NO_COMMON_BLOCKS = YES;
				GCC_WARN_64_TO_32_BIT_CONVERSION = YES;
				GCC_WARN_ABOUT_RETURN_TYPE = YES_ERROR;
				GCC_WARN_UNDECLARED_SELECTOR = YES;
				GCC_WARN_UNINITIALIZED_AUTOS = YES_AGGRESSIVE;
				GCC_WARN_UNUSED_FUNCTION = YES;
				GCC_WARN_UNUSED_VARIABLE = YES;
				IPHONEOS_DEPLOYMENT_TARGET = 16.2;
				MTL_ENABLE_DEBUG_INFO = NO;
				MTL_FAST_MATH = YES;
				SDKROOT = iphoneos;
				SWIFT_COMPILATION_MODE = wholemodule;
				SWIFT_OPTIMIZATION_LEVEL = "-O";
				VALIDATE_PRODUCT = YES;
			};
			name = Release;
		};
		CA56641529919DB0005470D7 /* Debug */ = {
			isa = XCBuildConfiguration;
			buildSettings = {
				ASSETCATALOG_COMPILER_APPICON_NAME = AppIcon;
				ASSETCATALOG_COMPILER_GLOBAL_ACCENT_COLOR_NAME = AccentColor;
				CODE_SIGN_STYLE = Automatic;
				CURRENT_PROJECT_VERSION = 1;
				DEVELOPMENT_ASSET_PATHS = "\"SimpleShopLogin/Preview Content\"";
				ENABLE_PREVIEWS = YES;
				GENERATE_INFOPLIST_FILE = YES;
				INFOPLIST_KEY_UIApplicationSceneManifest_Generation = YES;
				INFOPLIST_KEY_UIApplicationSupportsIndirectInputEvents = YES;
				INFOPLIST_KEY_UILaunchScreen_Generation = YES;
				INFOPLIST_KEY_UISupportedInterfaceOrientations_iPad = "UIInterfaceOrientationPortrait UIInterfaceOrientationPortraitUpsideDown UIInterfaceOrientationLandscapeLeft UIInterfaceOrientationLandscapeRight";
				INFOPLIST_KEY_UISupportedInterfaceOrientations_iPhone = "UIInterfaceOrientationPortrait UIInterfaceOrientationLandscapeLeft UIInterfaceOrientationLandscapeRight";
				LD_RUNPATH_SEARCH_PATHS = (
					"$(inherited)",
					"@executable_path/Frameworks",
				);
				MARKETING_VERSION = 1.0;
				PRODUCT_BUNDLE_IDENTIFIER = "Dawson-Lu.SimpleShopLogin";
				PRODUCT_NAME = "$(TARGET_NAME)";
				SWIFT_EMIT_LOC_STRINGS = YES;
				SWIFT_VERSION = 5.0;
				TARGETED_DEVICE_FAMILY = "1,2";
			};
			name = Debug;
		};
		CA56641629919DB0005470D7 /* Release */ = {
			isa = XCBuildConfiguration;
			buildSettings = {
				ASSETCATALOG_COMPILER_APPICON_NAME = AppIcon;
				ASSETCATALOG_COMPILER_GLOBAL_ACCENT_COLOR_NAME = AccentColor;
				CODE_SIGN_STYLE = Automatic;
				CURRENT_PROJECT_VERSION = 1;
				DEVELOPMENT_ASSET_PATHS = "\"SimpleShopLogin/Preview Content\"";
				ENABLE_PREVIEWS = YES;
				GENERATE_INFOPLIST_FILE = YES;
				INFOPLIST_KEY_UIApplicationSceneManifest_Generation = YES;
				INFOPLIST_KEY_UIApplicationSupportsIndirectInputEvents = YES;
				INFOPLIST_KEY_UILaunchScreen_Generation = YES;
				INFOPLIST_KEY_UISupportedInterfaceOrientations_iPad = "UIInterfaceOrientationPortrait UIInterfaceOrientationPortraitUpsideDown UIInterfaceOrientationLandscapeLeft UIInterfaceOrientationLandscapeRight";
				INFOPLIST_KEY_UISupportedInterfaceOrientations_iPhone = "UIInterfaceOrientationPortrait UIInterfaceOrientationLandscapeLeft UIInterfaceOrientationLandscapeRight";
				LD_RUNPATH_SEARCH_PATHS = (
					"$(inherited)",
					"@executable_path/Frameworks",
				);
				MARKETING_VERSION = 1.0;
				PRODUCT_BUNDLE_IDENTIFIER = "Dawson-Lu.SimpleShopLogin";
				PRODUCT_NAME = "$(TARGET_NAME)";
				SWIFT_EMIT_LOC_STRINGS = YES;
				SWIFT_VERSION = 5.0;
				TARGETED_DEVICE_FAMILY = "1,2";
			};
			name = Release;
		};
		CA56641829919DB0005470D7 /* Debug */ = {
			isa = XCBuildConfiguration;
			buildSettings = {
				ALWAYS_EMBED_SWIFT_STANDARD_LIBRARIES = YES;
				BUNDLE_LOADER = "$(TEST_HOST)";
				CODE_SIGN_STYLE = Automatic;
				CURRENT_PROJECT_VERSION = 1;
				GENERATE_INFOPLIST_FILE = YES;
				IPHONEOS_DEPLOYMENT_TARGET = 16.2;
				MARKETING_VERSION = 1.0;
				PRODUCT_BUNDLE_IDENTIFIER = "Dawson-Lu.SimpleShopLoginTests";
				PRODUCT_NAME = "$(TARGET_NAME)";
				SWIFT_EMIT_LOC_STRINGS = NO;
				SWIFT_VERSION = 5.0;
				TARGETED_DEVICE_FAMILY = "1,2";
				TEST_HOST = "$(BUILT_PRODUCTS_DIR)/SimpleShopLogin.app/$(BUNDLE_EXECUTABLE_FOLDER_PATH)/SimpleShopLogin";
			};
			name = Debug;
		};
		CA56641929919DB0005470D7 /* Release */ = {
			isa = XCBuildConfiguration;
			buildSettings = {
				ALWAYS_EMBED_SWIFT_STANDARD_LIBRARIES = YES;
				BUNDLE_LOADER = "$(TEST_HOST)";
				CODE_SIGN_STYLE = Automatic;
				CURRENT_PROJECT_VERSION = 1;
				GENERATE_INFOPLIST_FILE = YES;
				IPHONEOS_DEPLOYMENT_TARGET = 16.2;
				MARKETING_VERSION = 1.0;
				PRODUCT_BUNDLE_IDENTIFIER = "Dawson-Lu.SimpleShopLoginTests";
				PRODUCT_NAME = "$(TARGET_NAME)";
				SWIFT_EMIT_LOC_STRINGS = NO;
				SWIFT_VERSION = 5.0;
				TARGETED_DEVICE_FAMILY = "1,2";
				TEST_HOST = "$(BUILT_PRODUCTS_DIR)/SimpleShopLogin.app/$(BUNDLE_EXECUTABLE_FOLDER_PATH)/SimpleShopLogin";
			};
			name = Release;
		};
		CA56641B29919DB0005470D7 /* Debug */ = {
			isa = XCBuildConfiguration;
			buildSettings = {
				ALWAYS_EMBED_SWIFT_STANDARD_LIBRARIES = YES;
				CODE_SIGN_STYLE = Automatic;
				CURRENT_PROJECT_VERSION = 1;
				GENERATE_INFOPLIST_FILE = YES;
				MARKETING_VERSION = 1.0;
				PRODUCT_BUNDLE_IDENTIFIER = "Dawson-Lu.SimpleShopLoginUITests";
				PRODUCT_NAME = "$(TARGET_NAME)";
				SWIFT_EMIT_LOC_STRINGS = NO;
				SWIFT_VERSION = 5.0;
				TARGETED_DEVICE_FAMILY = "1,2";
				TEST_TARGET_NAME = SimpleShopLogin;
			};
			name = Debug;
		};
		CA56641C29919DB0005470D7 /* Release */ = {
			isa = XCBuildConfiguration;
			buildSettings = {
				ALWAYS_EMBED_SWIFT_STANDARD_LIBRARIES = YES;
				CODE_SIGN_STYLE = Automatic;
				CURRENT_PROJECT_VERSION = 1;
				GENERATE_INFOPLIST_FILE = YES;
				MARKETING_VERSION = 1.0;
				PRODUCT_BUNDLE_IDENTIFIER = "Dawson-Lu.SimpleShopLoginUITests";
				PRODUCT_NAME = "$(TARGET_NAME)";
				SWIFT_EMIT_LOC_STRINGS = NO;
				SWIFT_VERSION = 5.0;
				TARGETED_DEVICE_FAMILY = "1,2";
				TEST_TARGET_NAME = SimpleShopLogin;
			};
			name = Release;
		};
/* End XCBuildConfiguration section */

/* Begin XCConfigurationList section */
		CA5663EB29919DAE005470D7 /* Build configuration list for PBXProject "SimpleShopLogin" */ = {
			isa = XCConfigurationList;
			buildConfigurations = (
				CA56641229919DB0005470D7 /* Debug */,
				CA56641329919DB0005470D7 /* Release */,
			);
			defaultConfigurationIsVisible = 0;
			defaultConfigurationName = Release;
		};
		CA56641429919DB0005470D7 /* Build configuration list for PBXNativeTarget "SimpleShopLogin" */ = {
			isa = XCConfigurationList;
			buildConfigurations = (
				CA56641529919DB0005470D7 /* Debug */,
				CA56641629919DB0005470D7 /* Release */,
			);
			defaultConfigurationIsVisible = 0;
			defaultConfigurationName = Release;
		};
		CA56641729919DB0005470D7 /* Build configuration list for PBXNativeTarget "SimpleShopLoginTests" */ = {
			isa = XCConfigurationList;
			buildConfigurations = (
				CA56641829919DB0005470D7 /* Debug */,
				CA56641929919DB0005470D7 /* Release */,
			);
			defaultConfigurationIsVisible = 0;
			defaultConfigurationName = Release;
		};
		CA56641A29919DB0005470D7 /* Build configuration list for PBXNativeTarget "SimpleShopLoginUITests" */ = {
			isa = XCConfigurationList;
			buildConfigurations = (
				CA56641B29919DB0005470D7 /* Debug */,
				CA56641C29919DB0005470D7 /* Release */,
			);
			defaultConfigurationIsVisible = 0;
			defaultConfigurationName = Release;
		};
/* End XCConfigurationList section */
	};
	rootObject = CA5663E829919DAE005470D7 /* Project object */;
}
